
Microsoft Visual Studio Solution File, Format Version 12.00
# Visual Studio 15
VisualStudioVersion = 15.0.28307.705
MinimumVisualStudioVersion = 10.0.40219.1
Project("{8BC9CEB8-8B4A-11D0-8D11-00A0C91BC942}") = "Project25062019", "Project25062019\Project25062019.vcxproj", "{2C0BECA7-D2B7-4C00-810C-226A7FD31348}"
EndProject
Global
	GlobalSection(SolutionConfigurationPlatforms) = preSolution
		Debug|x64 = Debug|x64
		Debug|x86 = Debug|x86
		Release|x64 = Release|x64
		Release|x86 = Release|x86
	EndGlobalSection
	GlobalSection(ProjectConfigurationPlatforms) = postSolution
		{2C0BECA7-D2B7-4C00-810C-226A7FD31348}.Debug|x64.ActiveCfg = Debug|x64
		{2C0BECA7-D2B7-4C00-810C-226A7FD31348}.Debug|x64.Build.0 = Debug|x64
		{2C0BECA7-D2B7-4C00-810C-226A7FD31348}.Debug|x86.ActiveCfg = Debug|Win32
		{2C0BECA7-D2B7-4C00-810C-226A7FD31348}.Debug|x86.Build.0 = Debug|Win32
		{2C0BECA7-D2B7-4C00-810C-226A7FD31348}.Release|x64.ActiveCfg = Release|x64
		{2C0BECA7-D2B7-4C00-810C-226A7FD31348}.Release|x64.Build.0 = Release|x64
		{2C0BECA7-D2B7-4C00-810C-226A7FD31348}.Release|x86.ActiveCfg = Release|Win32
		{2C0BECA7-D2B7-4C00-810C-226A7FD31348}.Release|x86.Build.0 = Release|Win32
	EndGlobalSection
	GlobalSection(SolutionProperties) = preSolution
		HideSolutionNode = FALSE
	EndGlobalSection
	GlobalSection(ExtensibilityGlobals) = postSolution
		SolutionGuid = {280B3EE6-6B3B-437E-B3CC-AA374C896992}
	EndGlobalSection
EndGlobal
